{
    "_readme": [
        "This file locks the dependencies of your project to a known state",
        "Read more about it at https://getcomposer.org/doc/01-basic-usage.md#installing-dependencies",
        "This file is @generated automatically"
    ],
    "content-hash": "5c5f64d67e4db75d37cfe0c533bc6d11",
    "packages": [
        {
            "name": "blackjack200/xyron",
            "version": "dev-master",
            "source": {
                "type": "git",
                "url": "https://github.com/Blackjack200/Xyron.git",
                "reference": "c4df2e008562824b4bd2b4a365dfc630d1a4489d"
            },
            "dist": {
                "type": "zip",
                "url": "https://api.github.com/repos/Blackjack200/Xyron/zipball/c4df2e008562824b4bd2b4a365dfc630d1a4489d",
                "reference": "c4df2e008562824b4bd2b4a365dfc630d1a4489d",
                "shasum": ""
            },
            "require": {
                "ext-grpc": "*",
                "google/protobuf": "^3.23.4",
                "grpc/grpc": "^1.52.0"
            },
            "default-branch": true,
            "type": "library",
            "autoload": {
                "psr-4": {
                    "": [
                        "src/main/php"
                    ]
                }
            },
            "notification-url": "https://packagist.org/downloads/",
            "license": [
                "MIT"
            ],
            "authors": [
                {
                    "name": "Blackjack200",
                    "email": "lx826444126@gmail.com"
                }
            ],
            "support": {
                "issues": "https://github.com/Blackjack200/Xyron/issues",
                "source": "https://github.com/Blackjack200/Xyron/tree/master"
            },
            "time": "2023-07-28T14:46:33+00:00"
        },
        {
            "name": "google/protobuf",
            "version": "v3.23.4",
            "source": {
                "type": "git",
                "url": "https://github.com/protocolbuffers/protobuf-php.git",
                "reference": "fa784054760eec532fe8dd1919d3a0a11f5cef1f"
            },
            "dist": {
                "type": "zip",
                "url": "https://api.github.com/repos/protocolbuffers/protobuf-php/zipball/fa784054760eec532fe8dd1919d3a0a11f5cef1f",
                "reference": "fa784054760eec532fe8dd1919d3a0a11f5cef1f",
                "shasum": ""
            },
            "require": {
                "php": ">=7.0.0"
            },
            "require-dev": {
                "phpunit/phpunit": ">=5.0.0"
            },
            "suggest": {
                "ext-bcmath": "Need to support JSON deserialization"
            },
            "type": "library",
            "autoload": {
                "psr-4": {
                    "Google\\Protobuf\\": "src/Google/Protobuf",
                    "GPBMetadata\\Google\\Protobuf\\": "src/GPBMetadata/Google/Protobuf"
                }
            },
            "notification-url": "https://packagist.org/downloads/",
            "license": [
                "BSD-3-Clause"
            ],
            "description": "proto library for PHP",
            "homepage": "https://developers.google.com/protocol-buffers/",
            "keywords": [
                "proto"
            ],
            "support": {
                "source": "https://github.com/protocolbuffers/protobuf-php/tree/v3.23.4"
            },
            "time": "2023-07-06T18:51:48+00:00"
        },
        {
            "name": "grpc/grpc",
            "version": "1.52.0",
            "source": {
                "type": "git",
                "url": "https://github.com/grpc/grpc-php.git",
                "reference": "98394cd601a587ca68294e6209bd713856969105"
            },
            "dist": {
                "type": "zip",
                "url": "https://api.github.com/repos/grpc/grpc-php/zipball/98394cd601a587ca68294e6209bd713856969105",
                "reference": "98394cd601a587ca68294e6209bd713856969105",
                "shasum": ""
            },
            "require": {
                "php": ">=7.0.0"
            },
            "require-dev": {
                "google/auth": "^v1.3.0"
            },
            "suggest": {
                "ext-protobuf": "For better performance, install the protobuf C extension.",
                "google/protobuf": "To get started using grpc quickly, install the native protobuf library."
            },
            "type": "library",
            "autoload": {
                "psr-4": {
                    "Grpc\\": "src/lib/"
                }
            },
            "notification-url": "https://packagist.org/downloads/",
            "license": [
                "Apache-2.0"
            ],
            "description": "gRPC library for PHP",
            "homepage": "https://grpc.io",
            "keywords": [
                "rpc"
            ],
            "support": {
                "source": "https://github.com/grpc/grpc-php/tree/v1.52.0"
            },
            "time": "2023-02-25T05:20:08+00:00"
        }
    ],
    "packages-dev": [],
    "aliases": [],
    "minimum-stability": "stable",
    "stability-flags": {
        "blackjack200/xyron": 20
    },
    "prefer-stable": false,
    "prefer-lowest": false,
    "platform": [],
    "platform-dev": [],
    "plugin-api-version": "2.3.0"
}
